
Microsoft Visual Studio Solution File, Format Version 12.00
# Visual Studio 15
Project("{FAE04EC0-301F-11D3-BF4B-00C04F79EFBC}") = "BiblioApp.Android", "BiblioApp.Android\BiblioApp.Android.csproj", "{568B91BF-E1B5-47D9-BBC4-B2533BFB2A5C}"
EndProject
Project("{FAE04EC0-301F-11D3-BF4B-00C04F79EFBC}") = "BiblioApp.iOS", "BiblioApp.iOS\BiblioApp.iOS.csproj", "{BC507088-4F3D-414C-A71F-C41888DBC52E}"
EndProject
Project("{D954291E-2A0B-460D-934E-DC6B0785DB48}") = "BiblioApp", "BiblioApp\BiblioApp.shproj", "{6ACF5E81-4B36-4BE1-B2DE-69DB6863BC5A}"
EndProject
Global
	GlobalSection(SolutionConfigurationPlatforms) = preSolution
		Debug|Any CPU = Debug|Any CPU
		Release|Any CPU = Release|Any CPU
		Debug|iPhoneSimulator = Debug|iPhoneSimulator
		Release|iPhoneSimulator = Release|iPhoneSimulator
		Debug|iPhone = Debug|iPhone
		Release|iPhone = Release|iPhone
	EndGlobalSection
	GlobalSection(ProjectConfigurationPlatforms) = postSolution
		{568B91BF-E1B5-47D9-BBC4-B2533BFB2A5C}.Debug|Any CPU.ActiveCfg = Debug|Any CPU
		{568B91BF-E1B5-47D9-BBC4-B2533BFB2A5C}.Debug|Any CPU.Build.0 = Debug|Any CPU
		{568B91BF-E1B5-47D9-BBC4-B2533BFB2A5C}.Release|Any CPU.ActiveCfg = Release|Any CPU
		{568B91BF-E1B5-47D9-BBC4-B2533BFB2A5C}.Release|Any CPU.Build.0 = Release|Any CPU
		{568B91BF-E1B5-47D9-BBC4-B2533BFB2A5C}.Debug|iPhoneSimulator.ActiveCfg = Debug|Any CPU
		{568B91BF-E1B5-47D9-BBC4-B2533BFB2A5C}.Debug|iPhoneSimulator.Build.0 = Debug|Any CPU
		{568B91BF-E1B5-47D9-BBC4-B2533BFB2A5C}.Release|iPhoneSimulator.ActiveCfg = Release|Any CPU
		{568B91BF-E1B5-47D9-BBC4-B2533BFB2A5C}.Release|iPhoneSimulator.Build.0 = Release|Any CPU
		{568B91BF-E1B5-47D9-BBC4-B2533BFB2A5C}.Debug|iPhone.ActiveCfg = Debug|Any CPU
		{568B91BF-E1B5-47D9-BBC4-B2533BFB2A5C}.Debug|iPhone.Build.0 = Debug|Any CPU
		{568B91BF-E1B5-47D9-BBC4-B2533BFB2A5C}.Release|iPhone.ActiveCfg = Release|Any CPU
		{568B91BF-E1B5-47D9-BBC4-B2533BFB2A5C}.Release|iPhone.Build.0 = Release|Any CPU
		{BC507088-4F3D-414C-A71F-C41888DBC52E}.Debug|Any CPU.ActiveCfg = Debug|iPhoneSimulator
		{BC507088-4F3D-414C-A71F-C41888DBC52E}.Debug|Any CPU.Build.0 = Debug|iPhoneSimulator
		{BC507088-4F3D-414C-A71F-C41888DBC52E}.Release|Any CPU.ActiveCfg = Release|iPhoneSimulator
		{BC507088-4F3D-414C-A71F-C41888DBC52E}.Release|Any CPU.Build.0 = Release|iPhoneSimulator
		{BC507088-4F3D-414C-A71F-C41888DBC52E}.Debug|iPhoneSimulator.ActiveCfg = Debug|iPhoneSimulator
		{BC507088-4F3D-414C-A71F-C41888DBC52E}.Debug|iPhoneSimulator.Build.0 = Debug|iPhoneSimulator
		{BC507088-4F3D-414C-A71F-C41888DBC52E}.Release|iPhoneSimulator.ActiveCfg = Release|iPhoneSimulator
		{BC507088-4F3D-414C-A71F-C41888DBC52E}.Release|iPhoneSimulator.Build.0 = Release|iPhoneSimulator
		{BC507088-4F3D-414C-A71F-C41888DBC52E}.Debug|iPhone.ActiveCfg = Debug|iPhone
		{BC507088-4F3D-414C-A71F-C41888DBC52E}.Debug|iPhone.Build.0 = Debug|iPhone
		{BC507088-4F3D-414C-A71F-C41888DBC52E}.Release|iPhone.ActiveCfg = Release|iPhone
		{BC507088-4F3D-414C-A71F-C41888DBC52E}.Release|iPhone.Build.0 = Release|iPhone
	EndGlobalSection
EndGlobal
